
Microsoft Visual Studio Solution File, Format Version 12.00
# Visual Studio 15
VisualStudioVersion = 15.0.28307.329
MinimumVisualStudioVersion = 10.0.40219.1
Project("{FAE04EC0-301F-11D3-BF4B-00C04F79EFBC}") = "QuizzApp", "QuizzApp\QuizzApp.csproj", "{A92743D7-B62F-4B0A-B1AB-F2B4627D9198}"
EndProject
Project("{9A19103F-16F7-4668-BE54-9A1E7A4F7556}") = "QuizzApp.Models", "QuizzApp.Models\QuizzApp.Models.csproj", "{73E36AC8-67D9-4D69-A83C-49980360DCE9}"
EndProject
Project("{FAE04EC0-301F-11D3-BF4B-00C04F79EFBC}") = "QuizzApp.Data", "QuizzApp.Data1\QuizzApp.Data.csproj", "{DC3281F3-1A8C-41F2-927D-E53E5CEE1206}"
EndProject
Global
	GlobalSection(SolutionConfigurationPlatforms) = preSolution
		Debug|Any CPU = Debug|Any CPU
		Release|Any CPU = Release|Any CPU
	EndGlobalSection
	GlobalSection(ProjectConfigurationPlatforms) = postSolution
		{A92743D7-B62F-4B0A-B1AB-F2B4627D9198}.Debug|Any CPU.ActiveCfg = Debug|Any CPU
		{A92743D7-B62F-4B0A-B1AB-F2B4627D9198}.Debug|Any CPU.Build.0 = Debug|Any CPU
		{A92743D7-B62F-4B0A-B1AB-F2B4627D9198}.Release|Any CPU.ActiveCfg = Release|Any CPU
		{A92743D7-B62F-4B0A-B1AB-F2B4627D9198}.Release|Any CPU.Build.0 = Release|Any CPU
		{73E36AC8-67D9-4D69-A83C-49980360DCE9}.Debug|Any CPU.ActiveCfg = Debug|Any CPU
		{73E36AC8-67D9-4D69-A83C-49980360DCE9}.Debug|Any CPU.Build.0 = Debug|Any CPU
		{73E36AC8-67D9-4D69-A83C-49980360DCE9}.Release|Any CPU.ActiveCfg = Release|Any CPU
		{73E36AC8-67D9-4D69-A83C-49980360DCE9}.Release|Any CPU.Build.0 = Release|Any CPU
		{DC3281F3-1A8C-41F2-927D-E53E5CEE1206}.Debug|Any CPU.ActiveCfg = Debug|Any CPU
		{DC3281F3-1A8C-41F2-927D-E53E5CEE1206}.Debug|Any CPU.Build.0 = Debug|Any CPU
		{DC3281F3-1A8C-41F2-927D-E53E5CEE1206}.Release|Any CPU.ActiveCfg = Release|Any CPU
		{DC3281F3-1A8C-41F2-927D-E53E5CEE1206}.Release|Any CPU.Build.0 = Release|Any CPU
	EndGlobalSection
	GlobalSection(SolutionProperties) = preSolution
		HideSolutionNode = FALSE
	EndGlobalSection
	GlobalSection(ExtensibilityGlobals) = postSolution
		SolutionGuid = {A5BE7876-BFBA-4EEB-8ED5-76DEEF3F318B}
	EndGlobalSection
EndGlobal
